
Microsoft Visual Studio Solution File, Format Version 12.00
# Visual Studio 15
VisualStudioVersion = 15.0.27703.2035
MinimumVisualStudioVersion = 10.0.40219.1
Project("{FAE04EC0-301F-11D3-BF4B-00C04F79EFBC}") = "MyCommandPattern", "MyCommandPattern\MyCommandPattern.csproj", "{5A683104-B4BF-438E-80E3-1AA20EAD6750}"
EndProject
Global
	GlobalSection(SolutionConfigurationPlatforms) = preSolution
		Debug|Any CPU = Debug|Any CPU
		Release|Any CPU = Release|Any CPU
	EndGlobalSection
	GlobalSection(ProjectConfigurationPlatforms) = postSolution
		{5A683104-B4BF-438E-80E3-1AA20EAD6750}.Debug|Any CPU.ActiveCfg = Debug|Any CPU
		{5A683104-B4BF-438E-80E3-1AA20EAD6750}.Debug|Any CPU.Build.0 = Debug|Any CPU
		{5A683104-B4BF-438E-80E3-1AA20EAD6750}.Release|Any CPU.ActiveCfg = Release|Any CPU
		{5A683104-B4BF-438E-80E3-1AA20EAD6750}.Release|Any CPU.Build.0 = Release|Any CPU
	EndGlobalSection
	GlobalSection(SolutionProperties) = preSolution
		HideSolutionNode = FALSE
	EndGlobalSection
	GlobalSection(ExtensibilityGlobals) = postSolution
		SolutionGuid = {EB4B82E6-48A7-4578-876D-C97BA4074CA8}
	EndGlobalSection
EndGlobal
